// !$*UTF8*$!
{
	archiveVersion = 1;
	classes = {
	};
	objectVersion = 48;
	objects = {

/* Begin PBXBuildFile section */
		23444BB01F91C1ED00C40507 /* main.m in Sources */ = {isa = PBXBuildFile; fileRef = 23444BAF1F91C1ED00C40507 /* main.m */; };
		23444BB91F91C2AE00C40507 /* MRServiceListener.m in Sources */ = {isa = PBXBuildFile; fileRef = 23444BB81F91C2AE00C40507 /* MRServiceListener.m */; };
		23444BC11F91E07400C40507 /* GCDAsyncSocket.m in Sources */ = {isa = PBXBuildFile; fileRef = 23444BBF1F91E05C00C40507 /* GCDAsyncSocket.m */; };
/* End PBXBuildFile section */

/* Begin PBXCopyFilesBuildPhase section */
		23444BAA1F91C1ED00C40507 /* CopyFiles */ = {
			isa = PBXCopyFilesBuildPhase;
			buildActionMask = 2147483647;
			dstPath = /usr/share/man/man1/;
			dstSubfolderSpec = 0;
			files = (
			);
			runOnlyForDeploymentPostprocessing = 1;
		};
/* End PBXCopyFilesBuildPhase section */

/* Begin PBXFileReference section */
		23444BAC1F91C1ED00C40507 /* 10086_socket */ = {isa = PBXFileReference; explicitFileType = "compiled.mach-o.executable"; includeInIndex = 0; path = 10086_socket; sourceTree = BUILT_PRODUCTS_DIR; };
		23444BAF1F91C1ED00C40507 /* main.m */ = {isa = PBXFileReference; lastKnownFileType = sourcecode.c.objc; path = main.m; sourceTree = "<group>"; };
		23444BB71F91C2AE00C40507 /* MRServiceListener.h */ = {isa = PBXFileReference; lastKnownFileType = sourcecode.c.h; path = MRServiceListener.h; sourceTree = "<group>"; };
		23444BB81F91C2AE00C40507 /* MRServiceListener.m */ = {isa = PBXFileReference; lastKnownFileType = sourcecode.c.objc; path = MRServiceListener.m; sourceTree = "<group>"; };
		23444BBE1F91E05C00C40507 /* GCDAsyncSocket.h */ = {isa = PBXFileReference; lastKnownFileType = sourcecode.c.h; path = GCDAsyncSocket.h; sourceTree = "<group>"; };
		23444BBF1F91E05C00C40507 /* GCDAsyncSocket.m */ = {isa = PBXFileReference; lastKnownFileType = sourcecode.c.objc; path = GCDAsyncSocket.m; sourceTree = "<group>"; };
/* End PBXFileReference section */

/* Begin PBXFrameworksBuildPhase section */
		23444BA91F91C1ED00C40507 /* Frameworks */ = {
			isa = PBXFrameworksBuildPhase;
			buildActionMask = 2147483647;
			files = (
			);
			runOnlyForDeploymentPostprocessing = 0;
		};
/* End PBXFrameworksBuildPhase section */

/* Begin PBXGroup section */
		23444BA31F91C1ED00C40507 = {
			isa = PBXGroup;
			children = (
				23444BAE1F91C1ED00C40507 /* 10086_socket */,
				23444BAD1F91C1ED00C40507 /* Products */,
			);
			sourceTree = "<group>";
		};
		23444BAD1F91C1ED00C40507 /* Products */ = {
			isa = PBXGroup;
			children = (
				23444BAC1F91C1ED00C40507 /* 10086_socket */,
			);
			name = Products;
			sourceTree = "<group>";
		};
		23444BAE1F91C1ED00C40507 /* 10086_socket */ = {
			isa = PBXGroup;
			children = (
				23444BBD1F91E05C00C40507 /* TCP */,
				23444BAF1F91C1ED00C40507 /* main.m */,
				23444BB71F91C2AE00C40507 /* MRServiceListener.h */,
				23444BB81F91C2AE00C40507 /* MRServiceListener.m */,
			);
			path = 10086_socket;
			sourceTree = "<group>";
		};
		23444BBD1F91E05C00C40507 /* TCP */ = {
			isa = PBXGroup;
			children = (
				23444BBE1F91E05C00C40507 /* GCDAsyncSocket.h */,
				23444BBF1F91E05C00C40507 /* GCDAsyncSocket.m */,
			);
			path = TCP;
			sourceTree = "<group>";
		};
/* End PBXGroup section */

/* Begin PBXNativeTarget section */
		23444BAB1F91C1ED00C40507 /* 10086_socket */ = {
			isa = PBXNativeTarget;
			buildConfigurationList = 23444BB31F91C1ED00C40507 /* Build configuration list for PBXNativeTarget "10086_socket" */;
			buildPhases = (
				23444BA81F91C1ED00C40507 /* Sources */,
				23444BA91F91C1ED00C40507 /* Frameworks */,
				23444BAA1F91C1ED00C40507 /* CopyFiles */,
			);
			buildRules = (
			);
			dependencies = (
			);
			name = 10086_socket;
			productName = 10086_socket;
			productReference = 23444BAC1F91C1ED00C40507 /* 10086_socket */;
			productType = "com.apple.product-type.tool";
		};
/* End PBXNativeTarget section */

/* Begin PBXProject section */
		23444BA41F91C1ED00C40507 /* Project object */ = {
			isa = PBXProject;
			attributes = {
				LastUpgradeCheck = 0900;
				ORGANIZATIONNAME = Mr.Robot;
				TargetAttributes = {
					23444BAB1F91C1ED00C40507 = {
						CreatedOnToolsVersion = 9.0;
						ProvisioningStyle = Automatic;
					};
				};
			};
			buildConfigurationList = 23444BA71F91C1ED00C40507 /* Build configuration list for PBXProject "10086_socket" */;
			compatibilityVersion = "Xcode 8.0";
			developmentRegion = en;
			hasScannedForEncodings = 0;
			knownRegions = (
				en,
			);
			mainGroup = 23444BA31F91C1ED00C40507;
			productRefGroup = 23444BAD1F91C1ED00C40507 /* Products */;
			projectDirPath = "";
			projectRoot = "";
			targets = (
				23444BAB1F91C1ED00C40507 /* 10086_socket */,
			);
		};
/* End PBXProject section */

/* Begin PBXSourcesBuildPhase section */
		23444BA81F91C1ED00C40507 /* Sources */ = {
			isa = PBXSourcesBuildPhase;
			buildActionMask = 2147483647;
			files = (
				23444BC11F91E07400C40507 /* GCDAsyncSocket.m in Sources */,
				23444BB91F91C2AE00C40507 /* MRServiceListener.m in Sources */,
				23444BB01F91C1ED00C40507 /* main.m in Sources */,
			);
			runOnlyForDeploymentPostprocessing = 0;
		};
/* End PBXSourcesBuildPhase section */

/* Begin XCBuildConfiguration section */
		23444BB11F91C1ED00C40507 /* Debug */ = {
			isa = XCBuildConfiguration;
			buildSettings = {
				ALWAYS_SEARCH_USER_PATHS = NO;
				CLANG_ANALYZER_NONNULL = YES;
				CLANG_ANALYZER_NUMBER_OBJECT_CONVERSION = YES_AGGRESSIVE;
				CLANG_CXX_LANGUAGE_STANDARD = "gnu++14";
				CLANG_CXX_LIBRARY = "libc++";
				CLANG_ENABLE_MODULES = YES;
				CLANG_ENABLE_OBJC_ARC = YES;
				CLANG_WARN_BLOCK_CAPTURE_AUTORELEASING = YES;
				CLANG_WARN_BOOL_CONVERSION = YES;
				CLANG_WARN_COMMA = YES;
				CLANG_WARN_CONSTANT_CONVERSION = YES;
				CLANG_WARN_DIRECT_OBJC_ISA_USAGE = YES_ERROR;
				CLANG_WARN_DOCUMENTATION_COMMENTS = YES;
				CLANG_WARN_EMPTY_BODY = YES;
				CLANG_WARN_ENUM_CONVERSION = YES;
				CLANG_WARN_INFINITE_RECURSION = YES;
				CLANG_WARN_INT_CONVERSION = YES;
				CLANG_WARN_NON_LITERAL_NULL_CONVERSION = YES;
				CLANG_WARN_OBJC_LITERAL_CONVERSION = YES;
				CLANG_WARN_OBJC_ROOT_CLASS = YES_ERROR;
				CLANG_WARN_RANGE_LOOP_ANALYSIS = YES;
				CLANG_WARN_STRICT_PROTOTYPES = YES;
				CLANG_WARN_SUSPICIOUS_MOVE = YES;
				CLANG_WARN_UNGUARDED_AVAILABILITY = YES_AGGRESSIVE;
				CLANG_WARN_UNREACHABLE_CODE = YES;
				CLANG_WARN__DUPLICATE_METHOD_MATCH = YES;
				CODE_SIGN_IDENTITY = "Mac Developer";
				COPY_PHASE_STRIP = NO;
				DEBUG_INFORMATION_FORMAT = dwarf;
				ENABLE_STRICT_OBJC_MSGSEND = YES;
				ENABLE_TESTABILITY = YES;
				GCC_C_LANGUAGE_STANDARD = gnu11;
				GCC_DYNAMIC_NO_PIC = NO;
				GCC_NO_COMMON_BLOCKS = YES;
				GCC_OPTIMIZATION_LEVEL = 0;
				GCC_PREPROCESSOR_DEFINITIONS = (
					"DEBUG=1",
					"$(inherited)",
				);
				GCC_WARN_64_TO_32_BIT_CONVERSION = YES;
				GCC_WARN_ABOUT_RETURN_TYPE = YES_ERROR;
				GCC_WARN_UNDECLARED_SELECTOR = YES;
				GCC_WARN_UNINITIALIZED_AUTOS = YES_AGGRESSIVE;
				GCC_WARN_UNUSED_FUNCTION = YES;
				GCC_WARN_UNUSED_VARIABLE = YES;
				MACOSX_DEPLOYMENT_TARGET = 10.12;
				MTL_ENABLE_DEBUG_INFO = YES;
				ONLY_ACTIVE_ARCH = YES;
				SDKROOT = macosx;
			};
			name = Debug;
		};
		23444BB21F91C1ED00C40507 /* Release */ = {
			isa = XCBuildConfiguration;
			buildSettings = {
				ALWAYS_SEARCH_USER_PATHS = NO;
				CLANG_ANALYZER_NONNULL = YES;
				CLANG_ANALYZER_NUMBER_OBJECT_CONVERSION = YES_AGGRESSIVE;
				CLANG_CXX_LANGUAGE_STANDARD = "gnu++14";
				CLANG_CXX_LIBRARY = "libc++";
				CLANG_ENABLE_MODULES = YES;
				CLANG_ENABLE_OBJC_ARC = YES;
				CLANG_WARN_BLOCK_CAPTURE_AUTORELEASING = YES;
				CLANG_WARN_BOOL_CONVERSION = YES;
				CLANG_WARN_COMMA = YES;
				CLANG_WARN_CONSTANT_CONVERSION = YES;
				CLANG_WARN_DIRECT_OBJC_ISA_USAGE = YES_ERROR;
				CLANG_WARN_DOCUMENTATION_COMMENTS = YES;
				CLANG_WARN_EMPTY_BODY = YES;
				CLANG_WARN_ENUM_CONVERSION = YES;
				CLANG_WARN_INFINITE_RECURSION = YES;
				CLANG_WARN_INT_CONVERSION = YES;
				CLANG_WARN_NON_LITERAL_NULL_CONVERSION = YES;
				CLANG_WARN_OBJC_LITERAL_CONVERSION = YES;
				CLANG_WARN_OBJC_ROOT_CLASS = YES_ERROR;
				CLANG_WARN_RANGE_LOOP_ANALYSIS = YES;
				CLANG_WARN_STRICT_PROTOTYPES = YES;
				CLANG_WARN_SUSPICIOUS_MOVE = YES;
				CLANG_WARN_UNGUARDED_AVAILABILITY = YES_AGGRESSIVE;
				CLANG_WARN_UNREACHABLE_CODE = YES;
				CLANG_WARN__DUPLICATE_METHOD_MATCH = YES;
				CODE_SIGN_IDENTITY = "Mac Developer";
				COPY_PHASE_STRIP = NO;
				DEBUG_INFORMATION_FORMAT = "dwarf-with-dsym";
				ENABLE_NS_ASSERTIONS = NO;
				ENABLE_STRICT_OBJC_MSGSEND = YES;
				GCC_C_LANGUAGE_STANDARD = gnu11;
				GCC_NO_COMMON_BLOCKS = YES;
				GCC_WARN_64_TO_32_BIT_CONVERSION = YES;
				GCC_WARN_ABOUT_RETURN_TYPE = YES_ERROR;
				GCC_WARN_UNDECLARED_SELECTOR = YES;
				GCC_WARN_UNINITIALIZED_AUTOS = YES_AGGRESSIVE;
				GCC_WARN_UNUSED_FUNCTION = YES;
				GCC_WARN_UNUSED_VARIABLE = YES;
				MACOSX_DEPLOYMENT_TARGET = 10.12;
				MTL_ENABLE_DEBUG_INFO = NO;
				SDKROOT = macosx;
			};
			name = Release;
		};
		23444BB41F91C1ED00C40507 /* Debug */ = {
			isa = XCBuildConfiguration;
			buildSettings = {
				CODE_SIGN_STYLE = Automatic;
				DEVELOPMENT_TEAM = 9RLDGXJD9V;
				OTHER_LDFLAGS = "";
				PRODUCT_NAME = "$(TARGET_NAME)";
			};
			name = Debug;
		};
		23444BB51F91C1ED00C40507 /* Release */ = {
			isa = XCBuildConfiguration;
			buildSettings = {
				CODE_SIGN_STYLE = Automatic;
				DEVELOPMENT_TEAM = 9RLDGXJD9V;
				OTHER_LDFLAGS = "";
				PRODUCT_NAME = "$(TARGET_NAME)";
			};
			name = Release;
		};
/* End XCBuildConfiguration section */

/* Begin XCConfigurationList section */
		23444BA71F91C1ED00C40507 /* Build configuration list for PBXProject "10086_socket" */ = {
			isa = XCConfigurationList;
			buildConfigurations = (
				23444BB11F91C1ED00C40507 /* Debug */,
				23444BB21F91C1ED00C40507 /* Release */,
			);
			defaultConfigurationIsVisible = 0;
			defaultConfigurationName = Release;
		};
		23444BB31F91C1ED00C40507 /* Build configuration list for PBXNativeTarget "10086_socket" */ = {
			isa = XCConfigurationList;
			buildConfigurations = (
				23444BB41F91C1ED00C40507 /* Debug */,
				23444BB51F91C1ED00C40507 /* Release */,
			);
			defaultConfigurationIsVisible = 0;
			defaultConfigurationName = Release;
		};
/* End XCConfigurationList section */
	};
	rootObject = 23444BA41F91C1ED00C40507 /* Project object */;
}
